
Microsoft Visual Studio Solution File, Format Version 12.00
# Visual Studio 15
VisualStudioVersion = 15.0.28307.1062
MinimumVisualStudioVersion = 10.0.40219.1
Project("{8BC9CEB8-8B4A-11D0-8D11-00A0C91BC942}") = "S3_L1", "S3_L1\S3_L1.vcxproj", "{2F3DD0BA-EB2B-4844-9EC5-72FD43E52636}"
EndProject
Project("{8BC9CEB8-8B4A-11D0-8D11-00A0C91BC942}") = "S3_L1_test", "S3_L1_test\S3_L1_test.vcxproj", "{F212705B-75CA-4A67-A3FB-F04C23C09560}"
EndProject
Global
	GlobalSection(SolutionConfigurationPlatforms) = preSolution
		Debug|x64 = Debug|x64
		Debug|x86 = Debug|x86
		Release|x64 = Release|x64
		Release|x86 = Release|x86
	EndGlobalSection
	GlobalSection(ProjectConfigurationPlatforms) = postSolution
		{2F3DD0BA-EB2B-4844-9EC5-72FD43E52636}.Debug|x64.ActiveCfg = Debug|x64
		{2F3DD0BA-EB2B-4844-9EC5-72FD43E52636}.Debug|x64.Build.0 = Debug|x64
		{2F3DD0BA-EB2B-4844-9EC5-72FD43E52636}.Debug|x86.ActiveCfg = Debug|Win32
		{2F3DD0BA-EB2B-4844-9EC5-72FD43E52636}.Debug|x86.Build.0 = Debug|Win32
		{2F3DD0BA-EB2B-4844-9EC5-72FD43E52636}.Release|x64.ActiveCfg = Release|x64
		{2F3DD0BA-EB2B-4844-9EC5-72FD43E52636}.Release|x64.Build.0 = Release|x64
		{2F3DD0BA-EB2B-4844-9EC5-72FD43E52636}.Release|x86.ActiveCfg = Release|Win32
		{2F3DD0BA-EB2B-4844-9EC5-72FD43E52636}.Release|x86.Build.0 = Release|Win32
		{F212705B-75CA-4A67-A3FB-F04C23C09560}.Debug|x64.ActiveCfg = Debug|x64
		{F212705B-75CA-4A67-A3FB-F04C23C09560}.Debug|x64.Build.0 = Debug|x64
		{F212705B-75CA-4A67-A3FB-F04C23C09560}.Debug|x86.ActiveCfg = Debug|Win32
		{F212705B-75CA-4A67-A3FB-F04C23C09560}.Debug|x86.Build.0 = Debug|Win32
		{F212705B-75CA-4A67-A3FB-F04C23C09560}.Release|x64.ActiveCfg = Release|x64
		{F212705B-75CA-4A67-A3FB-F04C23C09560}.Release|x64.Build.0 = Release|x64
		{F212705B-75CA-4A67-A3FB-F04C23C09560}.Release|x86.ActiveCfg = Release|Win32
		{F212705B-75CA-4A67-A3FB-F04C23C09560}.Release|x86.Build.0 = Release|Win32
	EndGlobalSection
	GlobalSection(SolutionProperties) = preSolution
		HideSolutionNode = FALSE
	EndGlobalSection
	GlobalSection(ExtensibilityGlobals) = postSolution
		SolutionGuid = {E6E5D6E6-1ABA-42A3-8229-6531E92C1E30}
	EndGlobalSection
EndGlobal
